
Microsoft Visual Studio Solution File, Format Version 12.00
# Visual Studio Version 16
VisualStudioVersion = 16.0.32929.386
MinimumVisualStudioVersion = 10.0.40219.1
Project("{FAE04EC0-301F-11D3-BF4B-00C04F79EFBC}") = "YouTubeWPF.Web", "YouTubeWPF\YouTubeWPF.Web.csproj", "{34FDEF0E-9578-4179-B543-FBF1BB642D3E}"
EndProject
Project("{FAE04EC0-301F-11D3-BF4B-00C04F79EFBC}") = "YouTubeWPF.EntityFramework", "YouTubeWPF.EntityFramework\YouTubeWPF.EntityFramework.csproj", "{199A6426-84DD-48E5-B89A-DE57470CFE8E}"
EndProject
Project("{FAE04EC0-301F-11D3-BF4B-00C04F79EFBC}") = "YouTubeWPF.Domain", "YouTubeWPF.Domain\YouTubeWPF.Domain.csproj", "{770EF9CC-7E56-40AE-966B-7326500DD981}"
EndProject
Global
	GlobalSection(SolutionConfigurationPlatforms) = preSolution
		Debug|Any CPU = Debug|Any CPU
		Release|Any CPU = Release|Any CPU
	EndGlobalSection
	GlobalSection(ProjectConfigurationPlatforms) = postSolution
		{34FDEF0E-9578-4179-B543-FBF1BB642D3E}.Debug|Any CPU.ActiveCfg = Debug|Any CPU
		{34FDEF0E-9578-4179-B543-FBF1BB642D3E}.Debug|Any CPU.Build.0 = Debug|Any CPU
		{34FDEF0E-9578-4179-B543-FBF1BB642D3E}.Release|Any CPU.ActiveCfg = Release|Any CPU
		{34FDEF0E-9578-4179-B543-FBF1BB642D3E}.Release|Any CPU.Build.0 = Release|Any CPU
		{199A6426-84DD-48E5-B89A-DE57470CFE8E}.Debug|Any CPU.ActiveCfg = Debug|Any CPU
		{199A6426-84DD-48E5-B89A-DE57470CFE8E}.Debug|Any CPU.Build.0 = Debug|Any CPU
		{199A6426-84DD-48E5-B89A-DE57470CFE8E}.Release|Any CPU.ActiveCfg = Release|Any CPU
		{199A6426-84DD-48E5-B89A-DE57470CFE8E}.Release|Any CPU.Build.0 = Release|Any CPU
		{770EF9CC-7E56-40AE-966B-7326500DD981}.Debug|Any CPU.ActiveCfg = Debug|Any CPU
		{770EF9CC-7E56-40AE-966B-7326500DD981}.Debug|Any CPU.Build.0 = Debug|Any CPU
		{770EF9CC-7E56-40AE-966B-7326500DD981}.Release|Any CPU.ActiveCfg = Release|Any CPU
		{770EF9CC-7E56-40AE-966B-7326500DD981}.Release|Any CPU.Build.0 = Release|Any CPU
	EndGlobalSection
	GlobalSection(SolutionProperties) = preSolution
		HideSolutionNode = FALSE
	EndGlobalSection
	GlobalSection(ExtensibilityGlobals) = postSolution
		SolutionGuid = {B727E921-66EA-4305-B9E0-DC1E86CBC330}
	EndGlobalSection
EndGlobal
